
Microsoft Visual Studio Solution File, Format Version 12.00
# Visual Studio 15
VisualStudioVersion = 15.0.28307.779
MinimumVisualStudioVersion = 10.0.40219.1
Project("{FAE04EC0-301F-11D3-BF4B-00C04F79EFBC}") = "gruppBNY", "gruppBNY\gruppBNY.csproj", "{2FCA57DB-B854-472D-A836-D0D544AE8DD5}"
EndProject
Global
	GlobalSection(SolutionConfigurationPlatforms) = preSolution
		Debug|Any CPU = Debug|Any CPU
		Release|Any CPU = Release|Any CPU
	EndGlobalSection
	GlobalSection(ProjectConfigurationPlatforms) = postSolution
		{2FCA57DB-B854-472D-A836-D0D544AE8DD5}.Debug|Any CPU.ActiveCfg = Debug|Any CPU
		{2FCA57DB-B854-472D-A836-D0D544AE8DD5}.Debug|Any CPU.Build.0 = Debug|Any CPU
		{2FCA57DB-B854-472D-A836-D0D544AE8DD5}.Release|Any CPU.ActiveCfg = Release|Any CPU
		{2FCA57DB-B854-472D-A836-D0D544AE8DD5}.Release|Any CPU.Build.0 = Release|Any CPU
	EndGlobalSection
	GlobalSection(SolutionProperties) = preSolution
		HideSolutionNode = FALSE
	EndGlobalSection
	GlobalSection(ExtensibilityGlobals) = postSolution
		SolutionGuid = {641929C8-41A3-471F-8424-19ADE739BAC0}
	EndGlobalSection
EndGlobal
